// !$*UTF8*$!
{
	archiveVersion = 1;
	classes = {
	};
	objectVersion = 50;
	objects = {

/* Begin PBXBuildFile section */
		3161C4072463D4E2003548B0 /* AppDelegate.swift in Sources */ = {isa = PBXBuildFile; fileRef = 3161C4062463D4E2003548B0 /* AppDelegate.swift */; };
		3161C4092463D4E3003548B0 /* ContentView.swift in Sources */ = {isa = PBXBuildFile; fileRef = 3161C4082463D4E3003548B0 /* ContentView.swift */; };
		3161C40B2463D4E9003548B0 /* Assets.xcassets in Resources */ = {isa = PBXBuildFile; fileRef = 3161C40A2463D4E9003548B0 /* Assets.xcassets */; };
		3161C40E2463D4E9003548B0 /* Preview Assets.xcassets in Resources */ = {isa = PBXBuildFile; fileRef = 3161C40D2463D4E9003548B0 /* Preview Assets.xcassets */; };
		3161C4112463D4E9003548B0 /* Main.storyboard in Resources */ = {isa = PBXBuildFile; fileRef = 3161C40F2463D4E9003548B0 /* Main.storyboard */; };
		3161C41D2463D4E9003548B0 /* SlideBukkonuki_GUITests.swift in Sources */ = {isa = PBXBuildFile; fileRef = 3161C41C2463D4E9003548B0 /* SlideBukkonuki_GUITests.swift */; };
		3161C4282463D4E9003548B0 /* SlideBukkonuki_GUIUITests.swift in Sources */ = {isa = PBXBuildFile; fileRef = 3161C4272463D4E9003548B0 /* SlideBukkonuki_GUIUITests.swift */; };
		3161C4362463D927003548B0 /* Main.swift in Sources */ = {isa = PBXBuildFile; fileRef = 3161C4352463D927003548B0 /* Main.swift */; };
		31DFA2AE24641BF9006ECDDC /* SlideBukkonuki in Resources */ = {isa = PBXBuildFile; fileRef = 31DFA2AD24641BF9006ECDDC /* SlideBukkonuki */; };
		31DFA2B62464FE8B006ECDDC /* AboutThisApp.swift in Sources */ = {isa = PBXBuildFile; fileRef = 31DFA2B52464FE8A006ECDDC /* AboutThisApp.swift */; };
		31DFA2B82464FEFB006ECDDC /* MenuBar.swift in Sources */ = {isa = PBXBuildFile; fileRef = 31DFA2B72464FEFB006ECDDC /* MenuBar.swift */; };
		31DFA2BA2465127D006ECDDC /* ATA.swift in Sources */ = {isa = PBXBuildFile; fileRef = 31DFA2B92465127D006ECDDC /* ATA.swift */; };
		31DFA2BE24651802006ECDDC /* Localication.strings in Resources */ = {isa = PBXBuildFile; fileRef = 31DFA2C024651802006ECDDC /* Localication.strings */; };
/* End PBXBuildFile section */

/* Begin PBXContainerItemProxy section */
		3161C4192463D4E9003548B0 /* PBXContainerItemProxy */ = {
			isa = PBXContainerItemProxy;
			containerPortal = 3161C3FB2463D4E2003548B0 /* Project object */;
			proxyType = 1;
			remoteGlobalIDString = 3161C4022463D4E2003548B0;
			remoteInfo = "SlideBukkonuki-GUI";
		};
		3161C4242463D4E9003548B0 /* PBXContainerItemProxy */ = {
			isa = PBXContainerItemProxy;
			containerPortal = 3161C3FB2463D4E2003548B0 /* Project object */;
			proxyType = 1;
			remoteGlobalIDString = 3161C4022463D4E2003548B0;
			remoteInfo = "SlideBukkonuki-GUI";
		};
/* End PBXContainerItemProxy section */

/* Begin PBXFileReference section */
		3161C4032463D4E2003548B0 /* SlideBukkonuki-GUI.app */ = {isa = PBXFileReference; explicitFileType = wrapper.application; includeInIndex = 0; path = "SlideBukkonuki-GUI.app"; sourceTree = BUILT_PRODUCTS_DIR; };
		3161C4062463D4E2003548B0 /* AppDelegate.swift */ = {isa = PBXFileReference; lastKnownFileType = sourcecode.swift; path = AppDelegate.swift; sourceTree = "<group>"; };
		3161C4082463D4E3003548B0 /* ContentView.swift */ = {isa = PBXFileReference; lastKnownFileType = sourcecode.swift; path = ContentView.swift; sourceTree = "<group>"; };
		3161C40A2463D4E9003548B0 /* Assets.xcassets */ = {isa = PBXFileReference; lastKnownFileType = folder.assetcatalog; path = Assets.xcassets; sourceTree = "<group>"; };
		3161C40D2463D4E9003548B0 /* Preview Assets.xcassets */ = {isa = PBXFileReference; lastKnownFileType = folder.assetcatalog; path = "Preview Assets.xcassets"; sourceTree = "<group>"; };
		3161C4102463D4E9003548B0 /* Base */ = {isa = PBXFileReference; lastKnownFileType = file.storyboard; name = Base; path = Base.lproj/Main.storyboard; sourceTree = "<group>"; };
		3161C4122463D4E9003548B0 /* Info.plist */ = {isa = PBXFileReference; lastKnownFileType = text.plist.xml; path = Info.plist; sourceTree = "<group>"; };
		3161C4132463D4E9003548B0 /* SlideBukkonuki_GUI.entitlements */ = {isa = PBXFileReference; lastKnownFileType = text.plist.entitlements; path = SlideBukkonuki_GUI.entitlements; sourceTree = "<group>"; };
		3161C4182463D4E9003548B0 /* SlideBukkonuki-GUITests.xctest */ = {isa = PBXFileReference; explicitFileType = wrapper.cfbundle; includeInIndex = 0; path = "SlideBukkonuki-GUITests.xctest"; sourceTree = BUILT_PRODUCTS_DIR; };
		3161C41C2463D4E9003548B0 /* SlideBukkonuki_GUITests.swift */ = {isa = PBXFileReference; lastKnownFileType = sourcecode.swift; path = SlideBukkonuki_GUITests.swift; sourceTree = "<group>"; };
		3161C41E2463D4E9003548B0 /* Info.plist */ = {isa = PBXFileReference; lastKnownFileType = text.plist.xml; path = Info.plist; sourceTree = "<group>"; };
		3161C4232463D4E9003548B0 /* SlideBukkonuki-GUIUITests.xctest */ = {isa = PBXFileReference; explicitFileType = wrapper.cfbundle; includeInIndex = 0; path = "SlideBukkonuki-GUIUITests.xctest"; sourceTree = BUILT_PRODUCTS_DIR; };
		3161C4272463D4E9003548B0 /* SlideBukkonuki_GUIUITests.swift */ = {isa = PBXFileReference; lastKnownFileType = sourcecode.swift; path = SlideBukkonuki_GUIUITests.swift; sourceTree = "<group>"; };
		3161C4292463D4E9003548B0 /* Info.plist */ = {isa = PBXFileReference; lastKnownFileType = text.plist.xml; path = Info.plist; sourceTree = "<group>"; };
		3161C4352463D927003548B0 /* Main.swift */ = {isa = PBXFileReference; lastKnownFileType = sourcecode.swift; path = Main.swift; sourceTree = "<group>"; };
		31DFA2AD24641BF9006ECDDC /* SlideBukkonuki */ = {isa = PBXFileReference; lastKnownFileType = "compiled.mach-o.executable"; name = SlideBukkonuki; path = ../../../../git/SlideBukkonuki/SlideBukkonuki; sourceTree = "<group>"; };
		31DFA2B52464FE8A006ECDDC /* AboutThisApp.swift */ = {isa = PBXFileReference; lastKnownFileType = sourcecode.swift; path = AboutThisApp.swift; sourceTree = "<group>"; };
		31DFA2B72464FEFB006ECDDC /* MenuBar.swift */ = {isa = PBXFileReference; lastKnownFileType = sourcecode.swift; path = MenuBar.swift; sourceTree = "<group>"; };
		31DFA2B92465127D006ECDDC /* ATA.swift */ = {isa = PBXFileReference; lastKnownFileType = sourcecode.swift; path = ATA.swift; sourceTree = "<group>"; };
		31DFA2BB2465172F006ECDDC /* ja */ = {isa = PBXFileReference; lastKnownFileType = text.plist.strings; name = ja; path = ja.lproj/Main.strings; sourceTree = "<group>"; };
		31DFA2BF24651802006ECDDC /* ja */ = {isa = PBXFileReference; lastKnownFileType = text.plist.strings; name = ja; path = ja.lproj/Localication.strings; sourceTree = "<group>"; };
		31DFA2C124651805006ECDDC /* en */ = {isa = PBXFileReference; lastKnownFileType = text.plist.strings; name = en; path = en.lproj/Localication.strings; sourceTree = "<group>"; };
		31DFA2C324651948006ECDDC /* en */ = {isa = PBXFileReference; lastKnownFileType = text.plist.strings; name = en; path = en.lproj/Main.strings; sourceTree = "<group>"; };
/* End PBXFileReference section */

/* Begin PBXFrameworksBuildPhase section */
		3161C4002463D4E2003548B0 /* Frameworks */ = {
			isa = PBXFrameworksBuildPhase;
			buildActionMask = 2147483647;
			files = (
			);
			runOnlyForDeploymentPostprocessing = 0;
		};
		3161C4152463D4E9003548B0 /* Frameworks */ = {
			isa = PBXFrameworksBuildPhase;
			buildActionMask = 2147483647;
			files = (
			);
			runOnlyForDeploymentPostprocessing = 0;
		};
		3161C4202463D4E9003548B0 /* Frameworks */ = {
			isa = PBXFrameworksBuildPhase;
			buildActionMask = 2147483647;
			files = (
			);
			runOnlyForDeploymentPostprocessing = 0;
		};
/* End PBXFrameworksBuildPhase section */

/* Begin PBXGroup section */
		3161C3FA2463D4E2003548B0 = {
			isa = PBXGroup;
			children = (
				31DFA2C024651802006ECDDC /* Localication.strings */,
				31DFA2A52463FC57006ECDDC /* Resources */,
				3161C4052463D4E2003548B0 /* SlideBukkonuki-GUI */,
				3161C41B2463D4E9003548B0 /* SlideBukkonuki-GUITests */,
				3161C4262463D4E9003548B0 /* SlideBukkonuki-GUIUITests */,
				3161C4042463D4E2003548B0 /* Products */,
				31DFA2A32463F955006ECDDC /* Frameworks */,
			);
			sourceTree = "<group>";
		};
		3161C4042463D4E2003548B0 /* Products */ = {
			isa = PBXGroup;
			children = (
				3161C4032463D4E2003548B0 /* SlideBukkonuki-GUI.app */,
				3161C4182463D4E9003548B0 /* SlideBukkonuki-GUITests.xctest */,
				3161C4232463D4E9003548B0 /* SlideBukkonuki-GUIUITests.xctest */,
			);
			name = Products;
			sourceTree = "<group>";
		};
		3161C4052463D4E2003548B0 /* SlideBukkonuki-GUI */ = {
			isa = PBXGroup;
			children = (
				3161C4062463D4E2003548B0 /* AppDelegate.swift */,
				3161C4082463D4E3003548B0 /* ContentView.swift */,
				3161C40A2463D4E9003548B0 /* Assets.xcassets */,
				3161C40F2463D4E9003548B0 /* Main.storyboard */,
				31DFA2B92465127D006ECDDC /* ATA.swift */,
				31DFA2B52464FE8A006ECDDC /* AboutThisApp.swift */,
				31DFA2B72464FEFB006ECDDC /* MenuBar.swift */,
				3161C4122463D4E9003548B0 /* Info.plist */,
				3161C4132463D4E9003548B0 /* SlideBukkonuki_GUI.entitlements */,
				3161C40C2463D4E9003548B0 /* Preview Content */,
				3161C4352463D927003548B0 /* Main.swift */,
			);
			path = "SlideBukkonuki-GUI";
			sourceTree = "<group>";
		};
		3161C40C2463D4E9003548B0 /* Preview Content */ = {
			isa = PBXGroup;
			children = (
				3161C40D2463D4E9003548B0 /* Preview Assets.xcassets */,
			);
			path = "Preview Content";
			sourceTree = "<group>";
		};
		3161C41B2463D4E9003548B0 /* SlideBukkonuki-GUITests */ = {
			isa = PBXGroup;
			children = (
				3161C41C2463D4E9003548B0 /* SlideBukkonuki_GUITests.swift */,
				3161C41E2463D4E9003548B0 /* Info.plist */,
			);
			path = "SlideBukkonuki-GUITests";
			sourceTree = "<group>";
		};
		3161C4262463D4E9003548B0 /* SlideBukkonuki-GUIUITests */ = {
			isa = PBXGroup;
			children = (
				3161C4272463D4E9003548B0 /* SlideBukkonuki_GUIUITests.swift */,
				3161C4292463D4E9003548B0 /* Info.plist */,
			);
			path = "SlideBukkonuki-GUIUITests";
			sourceTree = "<group>";
		};
		31DFA2A32463F955006ECDDC /* Frameworks */ = {
			isa = PBXGroup;
			children = (
			);
			name = Frameworks;
			sourceTree = "<group>";
		};
		31DFA2A52463FC57006ECDDC /* Resources */ = {
			isa = PBXGroup;
			children = (
				31DFA2AD24641BF9006ECDDC /* SlideBukkonuki */,
			);
			path = Resources;
			sourceTree = "<group>";
		};
/* End PBXGroup section */

/* Begin PBXNativeTarget section */
		3161C4022463D4E2003548B0 /* SlideBukkonuki-GUI */ = {
			isa = PBXNativeTarget;
			buildConfigurationList = 3161C42C2463D4E9003548B0 /* Build configuration list for PBXNativeTarget "SlideBukkonuki-GUI" */;
			buildPhases = (
				3161C3FF2463D4E2003548B0 /* Sources */,
				3161C4002463D4E2003548B0 /* Frameworks */,
				3161C4012463D4E2003548B0 /* Resources */,
			);
			buildRules = (
			);
			dependencies = (
			);
			name = "SlideBukkonuki-GUI";
			productName = "SlideBukkonuki-GUI";
			productReference = 3161C4032463D4E2003548B0 /* SlideBukkonuki-GUI.app */;
			productType = "com.apple.product-type.application";
		};
		3161C4172463D4E9003548B0 /* SlideBukkonuki-GUITests */ = {
			isa = PBXNativeTarget;
			buildConfigurationList = 3161C42F2463D4E9003548B0 /* Build configuration list for PBXNativeTarget "SlideBukkonuki-GUITests" */;
			buildPhases = (
				3161C4142463D4E9003548B0 /* Sources */,
				3161C4152463D4E9003548B0 /* Frameworks */,
				3161C4162463D4E9003548B0 /* Resources */,
			);
			buildRules = (
			);
			dependencies = (
				3161C41A2463D4E9003548B0 /* PBXTargetDependency */,
			);
			name = "SlideBukkonuki-GUITests";
			productName = "SlideBukkonuki-GUITests";
			productReference = 3161C4182463D4E9003548B0 /* SlideBukkonuki-GUITests.xctest */;
			productType = "com.apple.product-type.bundle.unit-test";
		};
		3161C4222463D4E9003548B0 /* SlideBukkonuki-GUIUITests */ = {
			isa = PBXNativeTarget;
			buildConfigurationList = 3161C4322463D4E9003548B0 /* Build configuration list for PBXNativeTarget "SlideBukkonuki-GUIUITests" */;
			buildPhases = (
				3161C41F2463D4E9003548B0 /* Sources */,
				3161C4202463D4E9003548B0 /* Frameworks */,
				3161C4212463D4E9003548B0 /* Resources */,
			);
			buildRules = (
			);
			dependencies = (
				3161C4252463D4E9003548B0 /* PBXTargetDependency */,
			);
			name = "SlideBukkonuki-GUIUITests";
			productName = "SlideBukkonuki-GUIUITests";
			productReference = 3161C4232463D4E9003548B0 /* SlideBukkonuki-GUIUITests.xctest */;
			productType = "com.apple.product-type.bundle.ui-testing";
		};
/* End PBXNativeTarget section */

/* Begin PBXProject section */
		3161C3FB2463D4E2003548B0 /* Project object */ = {
			isa = PBXProject;
			attributes = {
				LastSwiftUpdateCheck = 1140;
				LastUpgradeCheck = 1140;
				ORGANIZATIONNAME = takpika;
				TargetAttributes = {
					3161C4022463D4E2003548B0 = {
						CreatedOnToolsVersion = 11.4.1;
					};
					3161C4172463D4E9003548B0 = {
						CreatedOnToolsVersion = 11.4.1;
						TestTargetID = 3161C4022463D4E2003548B0;
					};
					3161C4222463D4E9003548B0 = {
						CreatedOnToolsVersion = 11.4.1;
						TestTargetID = 3161C4022463D4E2003548B0;
					};
				};
			};
			buildConfigurationList = 3161C3FE2463D4E2003548B0 /* Build configuration list for PBXProject "SlideBukkonuki-GUI" */;
			compatibilityVersion = "Xcode 9.3";
			developmentRegion = en;
			hasScannedForEncodings = 0;
			knownRegions = (
				en,
				Base,
				ja,
			);
			mainGroup = 3161C3FA2463D4E2003548B0;
			productRefGroup = 3161C4042463D4E2003548B0 /* Products */;
			projectDirPath = "";
			projectRoot = "";
			targets = (
				3161C4022463D4E2003548B0 /* SlideBukkonuki-GUI */,
				3161C4172463D4E9003548B0 /* SlideBukkonuki-GUITests */,
				3161C4222463D4E9003548B0 /* SlideBukkonuki-GUIUITests */,
			);
		};
/* End PBXProject section */

/* Begin PBXResourcesBuildPhase section */
		3161C4012463D4E2003548B0 /* Resources */ = {
			isa = PBXResourcesBuildPhase;
			buildActionMask = 2147483647;
			files = (
				31DFA2AE24641BF9006ECDDC /* SlideBukkonuki in Resources */,
				3161C4112463D4E9003548B0 /* Main.storyboard in Resources */,
				3161C40E2463D4E9003548B0 /* Preview Assets.xcassets in Resources */,
				31DFA2BE24651802006ECDDC /* Localication.strings in Resources */,
				3161C40B2463D4E9003548B0 /* Assets.xcassets in Resources */,
			);
			runOnlyForDeploymentPostprocessing = 0;
		};
		3161C4162463D4E9003548B0 /* Resources */ = {
			isa = PBXResourcesBuildPhase;
			buildActionMask = 2147483647;
			files = (
			);
			runOnlyForDeploymentPostprocessing = 0;
		};
		3161C4212463D4E9003548B0 /* Resources */ = {
			isa = PBXResourcesBuildPhase;
			buildActionMask = 2147483647;
			files = (
			);
			runOnlyForDeploymentPostprocessing = 0;
		};
/* End PBXResourcesBuildPhase section */

/* Begin PBXSourcesBuildPhase section */
		3161C3FF2463D4E2003548B0 /* Sources */ = {
			isa = PBXSourcesBuildPhase;
			buildActionMask = 2147483647;
			files = (
				31DFA2BA2465127D006ECDDC /* ATA.swift in Sources */,
				3161C4362463D927003548B0 /* Main.swift in Sources */,
				31DFA2B62464FE8B006ECDDC /* AboutThisApp.swift in Sources */,
				3161C4092463D4E3003548B0 /* ContentView.swift in Sources */,
				3161C4072463D4E2003548B0 /* AppDelegate.swift in Sources */,
				31DFA2B82464FEFB006ECDDC /* MenuBar.swift in Sources */,
			);
			runOnlyForDeploymentPostprocessing = 0;
		};
		3161C4142463D4E9003548B0 /* Sources */ = {
			isa = PBXSourcesBuildPhase;
			buildActionMask = 2147483647;
			files = (
				3161C41D2463D4E9003548B0 /* SlideBukkonuki_GUITests.swift in Sources */,
			);
			runOnlyForDeploymentPostprocessing = 0;
		};
		3161C41F2463D4E9003548B0 /* Sources */ = {
			isa = PBXSourcesBuildPhase;
			buildActionMask = 2147483647;
			files = (
				3161C4282463D4E9003548B0 /* SlideBukkonuki_GUIUITests.swift in Sources */,
			);
			runOnlyForDeploymentPostprocessing = 0;
		};
/* End PBXSourcesBuildPhase section */

/* Begin PBXTargetDependency section */
		3161C41A2463D4E9003548B0 /* PBXTargetDependency */ = {
			isa = PBXTargetDependency;
			target = 3161C4022463D4E2003548B0 /* SlideBukkonuki-GUI */;
			targetProxy = 3161C4192463D4E9003548B0 /* PBXContainerItemProxy */;
		};
		3161C4252463D4E9003548B0 /* PBXTargetDependency */ = {
			isa = PBXTargetDependency;
			target = 3161C4022463D4E2003548B0 /* SlideBukkonuki-GUI */;
			targetProxy = 3161C4242463D4E9003548B0 /* PBXContainerItemProxy */;
		};
/* End PBXTargetDependency section */

/* Begin PBXVariantGroup section */
		3161C40F2463D4E9003548B0 /* Main.storyboard */ = {
			isa = PBXVariantGroup;
			children = (
				3161C4102463D4E9003548B0 /* Base */,
				31DFA2BB2465172F006ECDDC /* ja */,
				31DFA2C324651948006ECDDC /* en */,
			);
			name = Main.storyboard;
			sourceTree = "<group>";
		};
		31DFA2C024651802006ECDDC /* Localication.strings */ = {
			isa = PBXVariantGroup;
			children = (
				31DFA2BF24651802006ECDDC /* ja */,
				31DFA2C124651805006ECDDC /* en */,
			);
			name = Localication.strings;
			sourceTree = "<group>";
		};
/* End PBXVariantGroup section */

/* Begin XCBuildConfiguration section */
		3161C42A2463D4E9003548B0 /* Debug */ = {
			isa = XCBuildConfiguration;
			buildSettings = {
				ALWAYS_SEARCH_USER_PATHS = NO;
				CLANG_ANALYZER_LOCALIZABILITY_NONLOCALIZED = YES;
				CLANG_ANALYZER_NONNULL = YES;
				CLANG_ANALYZER_NUMBER_OBJECT_CONVERSION = YES_AGGRESSIVE;
				CLANG_CXX_LANGUAGE_STANDARD = "gnu++14";
				CLANG_CXX_LIBRARY = "libc++";
				CLANG_ENABLE_MODULES = YES;
				CLANG_ENABLE_OBJC_ARC = YES;
				CLANG_ENABLE_OBJC_WEAK = YES;
				CLANG_WARN_BLOCK_CAPTURE_AUTORELEASING = YES;
				CLANG_WARN_BOOL_CONVERSION = YES;
				CLANG_WARN_COMMA = YES;
				CLANG_WARN_CONSTANT_CONVERSION = YES;
				CLANG_WARN_DEPRECATED_OBJC_IMPLEMENTATIONS = YES;
				CLANG_WARN_DIRECT_OBJC_ISA_USAGE = YES_ERROR;
				CLANG_WARN_DOCUMENTATION_COMMENTS = YES;
				CLANG_WARN_EMPTY_BODY = YES;
				CLANG_WARN_ENUM_CONVERSION = YES;
				CLANG_WARN_INFINITE_RECURSION = YES;
				CLANG_WARN_INT_CONVERSION = YES;
				CLANG_WARN_NON_LITERAL_NULL_CONVERSION = YES;
				CLANG_WARN_OBJC_IMPLICIT_RETAIN_SELF = YES;
				CLANG_WARN_OBJC_LITERAL_CONVERSION = YES;
				CLANG_WARN_OBJC_ROOT_CLASS = YES_ERROR;
				CLANG_WARN_RANGE_LOOP_ANALYSIS = YES;
				CLANG_WARN_STRICT_PROTOTYPES = YES;
				CLANG_WARN_SUSPICIOUS_MOVE = YES;
				CLANG_WARN_UNGUARDED_AVAILABILITY = YES_AGGRESSIVE;
				CLANG_WARN_UNREACHABLE_CODE = YES;
				CLANG_WARN__DUPLICATE_METHOD_MATCH = YES;
				COPY_PHASE_STRIP = NO;
				DEBUG_INFORMATION_FORMAT = dwarf;
				ENABLE_STRICT_OBJC_MSGSEND = YES;
				ENABLE_TESTABILITY = YES;
				GCC_C_LANGUAGE_STANDARD = gnu11;
				GCC_DYNAMIC_NO_PIC = NO;
				GCC_NO_COMMON_BLOCKS = YES;
				GCC_OPTIMIZATION_LEVEL = 0;
				GCC_PREPROCESSOR_DEFINITIONS = (
					"DEBUG=1",
					"$(inherited)",
				);
				GCC_WARN_64_TO_32_BIT_CONVERSION = YES;
				GCC_WARN_ABOUT_RETURN_TYPE = YES_ERROR;
				GCC_WARN_UNDECLARED_SELECTOR = YES;
				GCC_WARN_UNINITIALIZED_AUTOS = YES_AGGRESSIVE;
				GCC_WARN_UNUSED_FUNCTION = YES;
				GCC_WARN_UNUSED_VARIABLE = YES;
				MACOSX_DEPLOYMENT_TARGET = 10.15;
				MTL_ENABLE_DEBUG_INFO = INCLUDE_SOURCE;
				MTL_FAST_MATH = YES;
				ONLY_ACTIVE_ARCH = YES;
				SDKROOT = macosx;
				SWIFT_ACTIVE_COMPILATION_CONDITIONS = DEBUG;
				SWIFT_OPTIMIZATION_LEVEL = "-Onone";
			};
			name = Debug;
		};
		3161C42B2463D4E9003548B0 /* Release */ = {
			isa = XCBuildConfiguration;
			buildSettings = {
				ALWAYS_SEARCH_USER_PATHS = NO;
				CLANG_ANALYZER_LOCALIZABILITY_NONLOCALIZED = YES;
				CLANG_ANALYZER_NONNULL = YES;
				CLANG_ANALYZER_NUMBER_OBJECT_CONVERSION = YES_AGGRESSIVE;
				CLANG_CXX_LANGUAGE_STANDARD = "gnu++14";
				CLANG_CXX_LIBRARY = "libc++";
				CLANG_ENABLE_MODULES = YES;
				CLANG_ENABLE_OBJC_ARC = YES;
				CLANG_ENABLE_OBJC_WEAK = YES;
				CLANG_WARN_BLOCK_CAPTURE_AUTORELEASING = YES;
				CLANG_WARN_BOOL_CONVERSION = YES;
				CLANG_WARN_COMMA = YES;
				CLANG_WARN_CONSTANT_CONVERSION = YES;
				CLANG_WARN_DEPRECATED_OBJC_IMPLEMENTATIONS = YES;
				CLANG_WARN_DIRECT_OBJC_ISA_USAGE = YES_ERROR;
				CLANG_WARN_DOCUMENTATION_COMMENTS = YES;
				CLANG_WARN_EMPTY_BODY = YES;
				CLANG_WARN_ENUM_CONVERSION = YES;
				CLANG_WARN_INFINITE_RECURSION = YES;
				CLANG_WARN_INT_CONVERSION = YES;
				CLANG_WARN_NON_LITERAL_NULL_CONVERSION = YES;
				CLANG_WARN_OBJC_IMPLICIT_RETAIN_SELF = YES;
				CLANG_WARN_OBJC_LITERAL_CONVERSION = YES;
				CLANG_WARN_OBJC_ROOT_CLASS = YES_ERROR;
				CLANG_WARN_RANGE_LOOP_ANALYSIS = YES;
				CLANG_WARN_STRICT_PROTOTYPES = YES;
				CLANG_WARN_SUSPICIOUS_MOVE = YES;
				CLANG_WARN_UNGUARDED_AVAILABILITY = YES_AGGRESSIVE;
				CLANG_WARN_UNREACHABLE_CODE = YES;
				CLANG_WARN__DUPLICATE_METHOD_MATCH = YES;
				COPY_PHASE_STRIP = NO;
				DEBUG_INFORMATION_FORMAT = "dwarf-with-dsym";
				ENABLE_NS_ASSERTIONS = NO;
				ENABLE_STRICT_OBJC_MSGSEND = YES;
				GCC_C_LANGUAGE_STANDARD = gnu11;
				GCC_NO_COMMON_BLOCKS = YES;
				GCC_WARN_64_TO_32_BIT_CONVERSION = YES;
				GCC_WARN_ABOUT_RETURN_TYPE = YES_ERROR;
				GCC_WARN_UNDECLARED_SELECTOR = YES;
				GCC_WARN_UNINITIALIZED_AUTOS = YES_AGGRESSIVE;
				GCC_WARN_UNUSED_FUNCTION = YES;
				GCC_WARN_UNUSED_VARIABLE = YES;
				MACOSX_DEPLOYMENT_TARGET = 10.15;
				MTL_ENABLE_DEBUG_INFO = NO;
				MTL_FAST_MATH = YES;
				SDKROOT = macosx;
				SWIFT_COMPILATION_MODE = wholemodule;
				SWIFT_OPTIMIZATION_LEVEL = "-O";
			};
			name = Release;
		};
		3161C42D2463D4E9003548B0 /* Debug */ = {
			isa = XCBuildConfiguration;
			buildSettings = {
				ASSETCATALOG_COMPILER_APPICON_NAME = AppIcon;
				CODE_SIGN_ENTITLEMENTS = "SlideBukkonuki-GUI/SlideBukkonuki_GUI.entitlements";
				CODE_SIGN_IDENTITY = "Apple Development";
				CODE_SIGN_STYLE = Automatic;
				COMBINE_HIDPI_IMAGES = YES;
				DEVELOPMENT_ASSET_PATHS = "\"SlideBukkonuki-GUI/Preview Content\"";
				DEVELOPMENT_TEAM = 7X8BLQTS87;
				ENABLE_HARDENED_RUNTIME = YES;
				ENABLE_PREVIEWS = YES;
				INFOPLIST_FILE = "SlideBukkonuki-GUI/Info.plist";
				LD_RUNPATH_SEARCH_PATHS = (
					"$(inherited)",
					"@executable_path/../Frameworks",
				);
				MACOSX_DEPLOYMENT_TARGET = 10.15;
				MARKETING_VERSION = 1.0.0;
				PRODUCT_BUNDLE_IDENTIFIER = "takpika.SlideBukkonuki-GUI";
				PRODUCT_NAME = "$(TARGET_NAME)";
				SWIFT_VERSION = 5.0;
			};
			name = Debug;
		};
		3161C42E2463D4E9003548B0 /* Release */ = {
			isa = XCBuildConfiguration;
			buildSettings = {
				ASSETCATALOG_COMPILER_APPICON_NAME = AppIcon;
				CODE_SIGN_ENTITLEMENTS = "SlideBukkonuki-GUI/SlideBukkonuki_GUI.entitlements";
				CODE_SIGN_IDENTITY = "Apple Development";
				CODE_SIGN_STYLE = Automatic;
				COMBINE_HIDPI_IMAGES = YES;
				DEVELOPMENT_ASSET_PATHS = "\"SlideBukkonuki-GUI/Preview Content\"";
				DEVELOPMENT_TEAM = 7X8BLQTS87;
				ENABLE_HARDENED_RUNTIME = YES;
				ENABLE_PREVIEWS = YES;
				INFOPLIST_FILE = "SlideBukkonuki-GUI/Info.plist";
				LD_RUNPATH_SEARCH_PATHS = (
					"$(inherited)",
					"@executable_path/../Frameworks",
				);
				MACOSX_DEPLOYMENT_TARGET = 10.15;
				MARKETING_VERSION = 1.0.0;
				PRODUCT_BUNDLE_IDENTIFIER = "takpika.SlideBukkonuki-GUI";
				PRODUCT_NAME = "$(TARGET_NAME)";
				SWIFT_VERSION = 5.0;
			};
			name = Release;
		};
		3161C4302463D4E9003548B0 /* Debug */ = {
			isa = XCBuildConfiguration;
			buildSettings = {
				ALWAYS_EMBED_SWIFT_STANDARD_LIBRARIES = YES;
				BUNDLE_LOADER = "$(TEST_HOST)";
				CODE_SIGN_STYLE = Automatic;
				COMBINE_HIDPI_IMAGES = YES;
				DEVELOPMENT_TEAM = 7X8BLQTS87;
				INFOPLIST_FILE = "SlideBukkonuki-GUITests/Info.plist";
				LD_RUNPATH_SEARCH_PATHS = (
					"$(inherited)",
					"@executable_path/../Frameworks",
					"@loader_path/../Frameworks",
				);
				MACOSX_DEPLOYMENT_TARGET = 10.15;
				PRODUCT_BUNDLE_IDENTIFIER = "takpika.SlideBukkonuki-GUITests";
				PRODUCT_NAME = "$(TARGET_NAME)";
				SWIFT_VERSION = 5.0;
				TEST_HOST = "$(BUILT_PRODUCTS_DIR)/SlideBukkonuki-GUI.app/Contents/MacOS/SlideBukkonuki-GUI";
			};
			name = Debug;
		};
		3161C4312463D4E9003548B0 /* Release */ = {
			isa = XCBuildConfiguration;
			buildSettings = {
				ALWAYS_EMBED_SWIFT_STANDARD_LIBRARIES = YES;
				BUNDLE_LOADER = "$(TEST_HOST)";
				CODE_SIGN_STYLE = Automatic;
				COMBINE_HIDPI_IMAGES = YES;
				DEVELOPMENT_TEAM = 7X8BLQTS87;
				INFOPLIST_FILE = "SlideBukkonuki-GUITests/Info.plist";
				LD_RUNPATH_SEARCH_PATHS = (
					"$(inherited)",
					"@executable_path/../Frameworks",
					"@loader_path/../Frameworks",
				);
				MACOSX_DEPLOYMENT_TARGET = 10.15;
				PRODUCT_BUNDLE_IDENTIFIER = "takpika.SlideBukkonuki-GUITests";
				PRODUCT_NAME = "$(TARGET_NAME)";
				SWIFT_VERSION = 5.0;
				TEST_HOST = "$(BUILT_PRODUCTS_DIR)/SlideBukkonuki-GUI.app/Contents/MacOS/SlideBukkonuki-GUI";
			};
			name = Release;
		};
		3161C4332463D4E9003548B0 /* Debug */ = {
			isa = XCBuildConfiguration;
			buildSettings = {
				ALWAYS_EMBED_SWIFT_STANDARD_LIBRARIES = YES;
				CODE_SIGN_STYLE = Automatic;
				COMBINE_HIDPI_IMAGES = YES;
				DEVELOPMENT_TEAM = 7X8BLQTS87;
				INFOPLIST_FILE = "SlideBukkonuki-GUIUITests/Info.plist";
				LD_RUNPATH_SEARCH_PATHS = (
					"$(inherited)",
					"@executable_path/../Frameworks",
					"@loader_path/../Frameworks",
				);
				PRODUCT_BUNDLE_IDENTIFIER = "takpika.SlideBukkonuki-GUIUITests";
				PRODUCT_NAME = "$(TARGET_NAME)";
				SWIFT_VERSION = 5.0;
				TEST_TARGET_NAME = "SlideBukkonuki-GUI";
			};
			name = Debug;
		};
		3161C4342463D4E9003548B0 /* Release */ = {
			isa = XCBuildConfiguration;
			buildSettings = {
				ALWAYS_EMBED_SWIFT_STANDARD_LIBRARIES = YES;
				CODE_SIGN_STYLE = Automatic;
				COMBINE_HIDPI_IMAGES = YES;
				DEVELOPMENT_TEAM = 7X8BLQTS87;
				INFOPLIST_FILE = "SlideBukkonuki-GUIUITests/Info.plist";
				LD_RUNPATH_SEARCH_PATHS = (
					"$(inherited)",
					"@executable_path/../Frameworks",
					"@loader_path/../Frameworks",
				);
				PRODUCT_BUNDLE_IDENTIFIER = "takpika.SlideBukkonuki-GUIUITests";
				PRODUCT_NAME = "$(TARGET_NAME)";
				SWIFT_VERSION = 5.0;
				TEST_TARGET_NAME = "SlideBukkonuki-GUI";
			};
			name = Release;
		};
/* End XCBuildConfiguration section */

/* Begin XCConfigurationList section */
		3161C3FE2463D4E2003548B0 /* Build configuration list for PBXProject "SlideBukkonuki-GUI" */ = {
			isa = XCConfigurationList;
			buildConfigurations = (
				3161C42A2463D4E9003548B0 /* Debug */,
				3161C42B2463D4E9003548B0 /* Release */,
			);
			defaultConfigurationIsVisible = 0;
			defaultConfigurationName = Release;
		};
		3161C42C2463D4E9003548B0 /* Build configuration list for PBXNativeTarget "SlideBukkonuki-GUI" */ = {
			isa = XCConfigurationList;
			buildConfigurations = (
				3161C42D2463D4E9003548B0 /* Debug */,
				3161C42E2463D4E9003548B0 /* Release */,
			);
			defaultConfigurationIsVisible = 0;
			defaultConfigurationName = Release;
		};
		3161C42F2463D4E9003548B0 /* Build configuration list for PBXNativeTarget "SlideBukkonuki-GUITests" */ = {
			isa = XCConfigurationList;
			buildConfigurations = (
				3161C4302463D4E9003548B0 /* Debug */,
				3161C4312463D4E9003548B0 /* Release */,
			);
			defaultConfigurationIsVisible = 0;
			defaultConfigurationName = Release;
		};
		3161C4322463D4E9003548B0 /* Build configuration list for PBXNativeTarget "SlideBukkonuki-GUIUITests" */ = {
			isa = XCConfigurationList;
			buildConfigurations = (
				3161C4332463D4E9003548B0 /* Debug */,
				3161C4342463D4E9003548B0 /* Release */,
			);
			defaultConfigurationIsVisible = 0;
			defaultConfigurationName = Release;
		};
/* End XCConfigurationList section */
	};
	rootObject = 3161C3FB2463D4E2003548B0 /* Project object */;
}
